
Microsoft Visual Studio Solution File, Format Version 12.00
# Visual Studio Version 16
VisualStudioVersion = 16.0.29326.143
MinimumVisualStudioVersion = 10.0.40219.1
Project("{9A19103F-16F7-4668-BE54-9A1E7A4F7556}") = "WinformsUI", "WinformsUI\WinformsUI.csproj", "{8A62963F-E818-4BF1-893A-8D4B6B37A851}"
EndProject
Project("{FAE04EC0-301F-11D3-BF4B-00C04F79EFBC}") = "ExtractedCore", "ExtractedCore\ExtractedCore.csproj", "{E0BE1E8D-F7C9-4C42-8272-93B16D2C9486}"
EndProject
Project("{FAE04EC0-301F-11D3-BF4B-00C04F79EFBC}") = "ConsoleUi", "ConsoleUi\ConsoleUi.csproj", "{110914D0-B87C-4245-8123-B923199E6B5E}"
EndProject
Global
	GlobalSection(SolutionConfigurationPlatforms) = preSolution
		Debug|Any CPU = Debug|Any CPU
		Release|Any CPU = Release|Any CPU
	EndGlobalSection
	GlobalSection(ProjectConfigurationPlatforms) = postSolution
		{8A62963F-E818-4BF1-893A-8D4B6B37A851}.Debug|Any CPU.ActiveCfg = Debug|Any CPU
		{8A62963F-E818-4BF1-893A-8D4B6B37A851}.Debug|Any CPU.Build.0 = Debug|Any CPU
		{8A62963F-E818-4BF1-893A-8D4B6B37A851}.Release|Any CPU.ActiveCfg = Release|Any CPU
		{8A62963F-E818-4BF1-893A-8D4B6B37A851}.Release|Any CPU.Build.0 = Release|Any CPU
		{E0BE1E8D-F7C9-4C42-8272-93B16D2C9486}.Debug|Any CPU.ActiveCfg = Debug|Any CPU
		{E0BE1E8D-F7C9-4C42-8272-93B16D2C9486}.Debug|Any CPU.Build.0 = Debug|Any CPU
		{E0BE1E8D-F7C9-4C42-8272-93B16D2C9486}.Release|Any CPU.ActiveCfg = Release|Any CPU
		{E0BE1E8D-F7C9-4C42-8272-93B16D2C9486}.Release|Any CPU.Build.0 = Release|Any CPU
		{110914D0-B87C-4245-8123-B923199E6B5E}.Debug|Any CPU.ActiveCfg = Debug|Any CPU
		{110914D0-B87C-4245-8123-B923199E6B5E}.Debug|Any CPU.Build.0 = Debug|Any CPU
		{110914D0-B87C-4245-8123-B923199E6B5E}.Release|Any CPU.ActiveCfg = Release|Any CPU
		{110914D0-B87C-4245-8123-B923199E6B5E}.Release|Any CPU.Build.0 = Release|Any CPU
	EndGlobalSection
	GlobalSection(SolutionProperties) = preSolution
		HideSolutionNode = FALSE
	EndGlobalSection
	GlobalSection(ExtensibilityGlobals) = postSolution
		SolutionGuid = {E34C258D-5153-4393-BE17-DC373636F37C}
	EndGlobalSection
EndGlobal
